
Microsoft Visual Studio Solution File, Format Version 12.00
# Visual Studio Version 17
VisualStudioVersion = 17.0.31919.166
MinimumVisualStudioVersion = 10.0.40219.1
Project("{9A19103F-16F7-4668-BE54-9A1E7A4F7556}") = "ProductService", "ProductService\ProductService.csproj", "{0EB17FE9-61A0-499D-9EBE-5DD96A851C51}"
EndProject
Project("{9A19103F-16F7-4668-BE54-9A1E7A4F7556}") = "BasketService", "BasketService\BasketService.csproj", "{99B791BC-5317-4008-AA0B-503BED96C7EE}"
EndProject
Project("{9A19103F-16F7-4668-BE54-9A1E7A4F7556}") = "DiscountService", "DiscountService\DiscountService.csproj", "{4E46EDC6-DD0E-4810-B824-2C3DE18A4294}"
EndProject
Project("{FAE04EC0-301F-11D3-BF4B-00C04F79EFBC}") = "OrderService", "OrderService\OrderService.csproj", "{2300B7D7-3D35-441D-8155-A081ADBAA97B}"
EndProject
Global
	GlobalSection(SolutionConfigurationPlatforms) = preSolution
		Debug|Any CPU = Debug|Any CPU
		Release|Any CPU = Release|Any CPU
	EndGlobalSection
	GlobalSection(ProjectConfigurationPlatforms) = postSolution
		{0EB17FE9-61A0-499D-9EBE-5DD96A851C51}.Debug|Any CPU.ActiveCfg = Debug|Any CPU
		{0EB17FE9-61A0-499D-9EBE-5DD96A851C51}.Debug|Any CPU.Build.0 = Debug|Any CPU
		{0EB17FE9-61A0-499D-9EBE-5DD96A851C51}.Release|Any CPU.ActiveCfg = Release|Any CPU
		{0EB17FE9-61A0-499D-9EBE-5DD96A851C51}.Release|Any CPU.Build.0 = Release|Any CPU
		{99B791BC-5317-4008-AA0B-503BED96C7EE}.Debug|Any CPU.ActiveCfg = Debug|Any CPU
		{99B791BC-5317-4008-AA0B-503BED96C7EE}.Debug|Any CPU.Build.0 = Debug|Any CPU
		{99B791BC-5317-4008-AA0B-503BED96C7EE}.Release|Any CPU.ActiveCfg = Release|Any CPU
		{99B791BC-5317-4008-AA0B-503BED96C7EE}.Release|Any CPU.Build.0 = Release|Any CPU
		{4E46EDC6-DD0E-4810-B824-2C3DE18A4294}.Debug|Any CPU.ActiveCfg = Debug|Any CPU
		{4E46EDC6-DD0E-4810-B824-2C3DE18A4294}.Debug|Any CPU.Build.0 = Debug|Any CPU
		{4E46EDC6-DD0E-4810-B824-2C3DE18A4294}.Release|Any CPU.ActiveCfg = Release|Any CPU
		{4E46EDC6-DD0E-4810-B824-2C3DE18A4294}.Release|Any CPU.Build.0 = Release|Any CPU
		{2300B7D7-3D35-441D-8155-A081ADBAA97B}.Debug|Any CPU.ActiveCfg = Debug|Any CPU
		{2300B7D7-3D35-441D-8155-A081ADBAA97B}.Debug|Any CPU.Build.0 = Debug|Any CPU
		{2300B7D7-3D35-441D-8155-A081ADBAA97B}.Release|Any CPU.ActiveCfg = Release|Any CPU
		{2300B7D7-3D35-441D-8155-A081ADBAA97B}.Release|Any CPU.Build.0 = Release|Any CPU
	EndGlobalSection
	GlobalSection(SolutionProperties) = preSolution
		HideSolutionNode = FALSE
	EndGlobalSection
	GlobalSection(ExtensibilityGlobals) = postSolution
		SolutionGuid = {8EE639E3-2FA4-4260-B8EF-C6711B893968}
	EndGlobalSection
EndGlobal
